// !$*UTF8*$!
{
	archiveVersion = 1;
	classes = {
	};
	objectVersion = 50;
	objects = {

/* Begin PBXBuildFile section */
		6C5C42A22395C29300EBEB35 /* ProfileVController.swift in Sources */ = {isa = PBXBuildFile; fileRef = 6C5C42A12395C29300EBEB35 /* ProfileVController.swift */; };
		6C5C42A62395E03E00EBEB35 /* iCarousel.m in Sources */ = {isa = PBXBuildFile; fileRef = 6C5C42A52395E03E00EBEB35 /* iCarousel.m */; };
		6C5C42A92395E0AE00EBEB35 /* QuartzCore.framework in Frameworks */ = {isa = PBXBuildFile; fileRef = 6C5C42A82395E0AE00EBEB35 /* QuartzCore.framework */; };
		6C5C42AB2395E14C00EBEB35 /* HomeVController.swift in Sources */ = {isa = PBXBuildFile; fileRef = 6C5C42AA2395E14C00EBEB35 /* HomeVController.swift */; };
		6C5C42B02395E5EB00EBEB35 /* dog1.png in Resources */ = {isa = PBXBuildFile; fileRef = 6C5C42AC2395E5EB00EBEB35 /* dog1.png */; };
		6C5C42B12395E5EB00EBEB35 /* dog4.png in Resources */ = {isa = PBXBuildFile; fileRef = 6C5C42AD2395E5EB00EBEB35 /* dog4.png */; };
		6C5C42B22395E5EB00EBEB35 /* dog2.png in Resources */ = {isa = PBXBuildFile; fileRef = 6C5C42AE2395E5EB00EBEB35 /* dog2.png */; };
		6C5C42B32395E5EB00EBEB35 /* dog3.png in Resources */ = {isa = PBXBuildFile; fileRef = 6C5C42AF2395E5EB00EBEB35 /* dog3.png */; };
		6C5C42B52396200400EBEB35 /* ProductDetailsVController.swift in Sources */ = {isa = PBXBuildFile; fileRef = 6C5C42B42396200400EBEB35 /* ProductDetailsVController.swift */; };
		6C6BA9902392F4160001194C /* AppDelegate.swift in Sources */ = {isa = PBXBuildFile; fileRef = 6C6BA98F2392F4160001194C /* AppDelegate.swift */; };
		6C6BA9922392F4160001194C /* SceneDelegate.swift in Sources */ = {isa = PBXBuildFile; fileRef = 6C6BA9912392F4160001194C /* SceneDelegate.swift */; };
		6C6BA9942392F4160001194C /* ViewController.swift in Sources */ = {isa = PBXBuildFile; fileRef = 6C6BA9932392F4160001194C /* ViewController.swift */; };
		6C6BA9972392F4160001194C /* Main.storyboard in Resources */ = {isa = PBXBuildFile; fileRef = 6C6BA9952392F4160001194C /* Main.storyboard */; };
		6C6BA99A2392F4160001194C /* ARFurniture.xcdatamodeld in Sources */ = {isa = PBXBuildFile; fileRef = 6C6BA9982392F4160001194C /* ARFurniture.xcdatamodeld */; };
		6C6BA99C2392F4170001194C /* Assets.xcassets in Resources */ = {isa = PBXBuildFile; fileRef = 6C6BA99B2392F4170001194C /* Assets.xcassets */; };
		6C6BA99F2392F4170001194C /* LaunchScreen.storyboard in Resources */ = {isa = PBXBuildFile; fileRef = 6C6BA99D2392F4170001194C /* LaunchScreen.storyboard */; };
		6C9AF3BC23973C1A00FBDE32 /* ARVController.swift in Sources */ = {isa = PBXBuildFile; fileRef = 6C9AF3BB23973C1A00FBDE32 /* ARVController.swift */; };
		6CA1E0DD23948714006BA191 /* CategoriesTabVController.swift in Sources */ = {isa = PBXBuildFile; fileRef = 6CA1E0DC23948714006BA191 /* CategoriesTabVController.swift */; };
		D717FA0D239336FE00192188 /* PersistentService.swift in Sources */ = {isa = PBXBuildFile; fileRef = D717FA0C239336FE00192188 /* PersistentService.swift */; };
		D717FA14239347EF00192188 /* User+CoreDataClass.swift in Sources */ = {isa = PBXBuildFile; fileRef = D717FA0E239347EF00192188 /* User+CoreDataClass.swift */; };
		D717FA15239347EF00192188 /* User+CoreDataProperties.swift in Sources */ = {isa = PBXBuildFile; fileRef = D717FA0F239347EF00192188 /* User+CoreDataProperties.swift */; };
		D717FA16239347EF00192188 /* Product+CoreDataClass.swift in Sources */ = {isa = PBXBuildFile; fileRef = D717FA10239347EF00192188 /* Product+CoreDataClass.swift */; };
		D717FA17239347EF00192188 /* Product+CoreDataProperties.swift in Sources */ = {isa = PBXBuildFile; fileRef = D717FA11239347EF00192188 /* Product+CoreDataProperties.swift */; };
		D717FA18239347EF00192188 /* Category+CoreDataClass.swift in Sources */ = {isa = PBXBuildFile; fileRef = D717FA12239347EF00192188 /* Category+CoreDataClass.swift */; };
		D717FA19239347EF00192188 /* Category+CoreDataProperties.swift in Sources */ = {isa = PBXBuildFile; fileRef = D717FA13239347EF00192188 /* Category+CoreDataProperties.swift */; };
		D717FA1B2393518600192188 /* LoginController.swift in Sources */ = {isa = PBXBuildFile; fileRef = D717FA1A2393518600192188 /* LoginController.swift */; };
		D7BF8E1923930F4A006BA2AC /* SignInController.swift in Sources */ = {isa = PBXBuildFile; fileRef = D7BF8E1823930F4A006BA2AC /* SignInController.swift */; };
/* End PBXBuildFile section */

/* Begin PBXFileReference section */
		6C5C42A12395C29300EBEB35 /* ProfileVController.swift */ = {isa = PBXFileReference; lastKnownFileType = sourcecode.swift; path = ProfileVController.swift; sourceTree = "<group>"; };
		6C5C42A32395E03D00EBEB35 /* ARFurniture-Bridging-Header.h */ = {isa = PBXFileReference; lastKnownFileType = sourcecode.c.h; path = "ARFurniture-Bridging-Header.h"; sourceTree = "<group>"; };
		6C5C42A42395E03D00EBEB35 /* iCarousel.h */ = {isa = PBXFileReference; fileEncoding = 4; lastKnownFileType = sourcecode.c.h; path = iCarousel.h; sourceTree = SOURCE_ROOT; };
		6C5C42A52395E03E00EBEB35 /* iCarousel.m */ = {isa = PBXFileReference; fileEncoding = 4; lastKnownFileType = sourcecode.c.objc; path = iCarousel.m; sourceTree = SOURCE_ROOT; };
		6C5C42A82395E0AE00EBEB35 /* QuartzCore.framework */ = {isa = PBXFileReference; lastKnownFileType = wrapper.framework; name = QuartzCore.framework; path = System/Library/Frameworks/QuartzCore.framework; sourceTree = SDKROOT; };
		6C5C42AA2395E14C00EBEB35 /* HomeVController.swift */ = {isa = PBXFileReference; lastKnownFileType = sourcecode.swift; path = HomeVController.swift; sourceTree = "<group>"; };
		6C5C42AC2395E5EB00EBEB35 /* dog1.png */ = {isa = PBXFileReference; lastKnownFileType = image.png; name = dog1.png; path = ../../../../../../Users/akshayrelekar/Downloads/dogs/dog1.png; sourceTree = "<group>"; };
		6C5C42AD2395E5EB00EBEB35 /* dog4.png */ = {isa = PBXFileReference; lastKnownFileType = image.png; name = dog4.png; path = ../../../../../../Users/akshayrelekar/Downloads/dogs/dog4.png; sourceTree = "<group>"; };
		6C5C42AE2395E5EB00EBEB35 /* dog2.png */ = {isa = PBXFileReference; lastKnownFileType = image.png; name = dog2.png; path = ../../../../../../Users/akshayrelekar/Downloads/dogs/dog2.png; sourceTree = "<group>"; };
		6C5C42AF2395E5EB00EBEB35 /* dog3.png */ = {isa = PBXFileReference; lastKnownFileType = image.png; name = dog3.png; path = ../../../../../../Users/akshayrelekar/Downloads/dogs/dog3.png; sourceTree = "<group>"; };
		6C5C42B42396200400EBEB35 /* ProductDetailsVController.swift */ = {isa = PBXFileReference; lastKnownFileType = sourcecode.swift; path = ProductDetailsVController.swift; sourceTree = "<group>"; };
		6C6BA98C2392F4160001194C /* ARFurniture.app */ = {isa = PBXFileReference; explicitFileType = wrapper.application; includeInIndex = 0; path = ARFurniture.app; sourceTree = BUILT_PRODUCTS_DIR; };
		6C6BA98F2392F4160001194C /* AppDelegate.swift */ = {isa = PBXFileReference; lastKnownFileType = sourcecode.swift; path = AppDelegate.swift; sourceTree = "<group>"; };
		6C6BA9912392F4160001194C /* SceneDelegate.swift */ = {isa = PBXFileReference; lastKnownFileType = sourcecode.swift; path = SceneDelegate.swift; sourceTree = "<group>"; };
		6C6BA9932392F4160001194C /* ViewController.swift */ = {isa = PBXFileReference; lastKnownFileType = sourcecode.swift; path = ViewController.swift; sourceTree = "<group>"; };
		6C6BA9962392F4160001194C /* Base */ = {isa = PBXFileReference; lastKnownFileType = file.storyboard; name = Base; path = Base.lproj/Main.storyboard; sourceTree = "<group>"; };
		6C6BA9992392F4160001194C /* ARFurniture.xcdatamodel */ = {isa = PBXFileReference; lastKnownFileType = wrapper.xcdatamodel; path = ARFurniture.xcdatamodel; sourceTree = "<group>"; };
		6C6BA99B2392F4170001194C /* Assets.xcassets */ = {isa = PBXFileReference; lastKnownFileType = folder.assetcatalog; path = Assets.xcassets; sourceTree = "<group>"; };
		6C6BA99E2392F4170001194C /* Base */ = {isa = PBXFileReference; lastKnownFileType = file.storyboard; name = Base; path = Base.lproj/LaunchScreen.storyboard; sourceTree = "<group>"; };
		6C6BA9A02392F4170001194C /* Info.plist */ = {isa = PBXFileReference; lastKnownFileType = text.plist.xml; path = Info.plist; sourceTree = "<group>"; };
		6C9AF3BB23973C1A00FBDE32 /* ARVController.swift */ = {isa = PBXFileReference; lastKnownFileType = sourcecode.swift; path = ARVController.swift; sourceTree = "<group>"; };
		6CA1E0DC23948714006BA191 /* CategoriesTabVController.swift */ = {isa = PBXFileReference; lastKnownFileType = sourcecode.swift; path = CategoriesTabVController.swift; sourceTree = "<group>"; };
		D717FA0C239336FE00192188 /* PersistentService.swift */ = {isa = PBXFileReference; lastKnownFileType = sourcecode.swift; path = PersistentService.swift; sourceTree = "<group>"; };
		D717FA0E239347EF00192188 /* User+CoreDataClass.swift */ = {isa = PBXFileReference; lastKnownFileType = sourcecode.swift; path = "User+CoreDataClass.swift"; sourceTree = "<group>"; };
		D717FA0F239347EF00192188 /* User+CoreDataProperties.swift */ = {isa = PBXFileReference; lastKnownFileType = sourcecode.swift; path = "User+CoreDataProperties.swift"; sourceTree = "<group>"; };
		D717FA10239347EF00192188 /* Product+CoreDataClass.swift */ = {isa = PBXFileReference; lastKnownFileType = sourcecode.swift; path = "Product+CoreDataClass.swift"; sourceTree = "<group>"; };
		D717FA11239347EF00192188 /* Product+CoreDataProperties.swift */ = {isa = PBXFileReference; lastKnownFileType = sourcecode.swift; path = "Product+CoreDataProperties.swift"; sourceTree = "<group>"; };
		D717FA12239347EF00192188 /* Category+CoreDataClass.swift */ = {isa = PBXFileReference; lastKnownFileType = sourcecode.swift; path = "Category+CoreDataClass.swift"; sourceTree = "<group>"; };
		D717FA13239347EF00192188 /* Category+CoreDataProperties.swift */ = {isa = PBXFileReference; lastKnownFileType = sourcecode.swift; path = "Category+CoreDataProperties.swift"; sourceTree = "<group>"; };
		D717FA1A2393518600192188 /* LoginController.swift */ = {isa = PBXFileReference; lastKnownFileType = sourcecode.swift; path = LoginController.swift; sourceTree = "<group>"; };
		D7BF8E1823930F4A006BA2AC /* SignInController.swift */ = {isa = PBXFileReference; lastKnownFileType = sourcecode.swift; path = SignInController.swift; sourceTree = "<group>"; };
/* End PBXFileReference section */

/* Begin PBXFrameworksBuildPhase section */
		6C6BA9892392F4160001194C /* Frameworks */ = {
			isa = PBXFrameworksBuildPhase;
			buildActionMask = 2147483647;
			files = (
				6C5C42A92395E0AE00EBEB35 /* QuartzCore.framework in Frameworks */,
			);
			runOnlyForDeploymentPostprocessing = 0;
		};
/* End PBXFrameworksBuildPhase section */

/* Begin PBXGroup section */
		6C5C42A72395E0AD00EBEB35 /* Frameworks */ = {
			isa = PBXGroup;
			children = (
				6C5C42A82395E0AE00EBEB35 /* QuartzCore.framework */,
			);
			name = Frameworks;
			sourceTree = "<group>";
		};
		6C6BA9832392F4160001194C = {
			isa = PBXGroup;
			children = (
				6C6BA98E2392F4160001194C /* ARFurniture */,
				6C6BA98D2392F4160001194C /* Products */,
				6C5C42A72395E0AD00EBEB35 /* Frameworks */,
			);
			sourceTree = "<group>";
		};
		6C6BA98D2392F4160001194C /* Products */ = {
			isa = PBXGroup;
			children = (
				6C6BA98C2392F4160001194C /* ARFurniture.app */,
			);
			name = Products;
			sourceTree = "<group>";
		};
		6C6BA98E2392F4160001194C /* ARFurniture */ = {
			isa = PBXGroup;
			children = (
				6C5C42AC2395E5EB00EBEB35 /* dog1.png */,
				6C5C42AE2395E5EB00EBEB35 /* dog2.png */,
				6C5C42AF2395E5EB00EBEB35 /* dog3.png */,
				6C5C42AD2395E5EB00EBEB35 /* dog4.png */,
				6C5C42A42395E03D00EBEB35 /* iCarousel.h */,
				6C5C42A52395E03E00EBEB35 /* iCarousel.m */,
				6C6BA98F2392F4160001194C /* AppDelegate.swift */,
				D717FA0C239336FE00192188 /* PersistentService.swift */,
				D717FA0E239347EF00192188 /* User+CoreDataClass.swift */,
				D717FA0F239347EF00192188 /* User+CoreDataProperties.swift */,
				D717FA10239347EF00192188 /* Product+CoreDataClass.swift */,
				D717FA11239347EF00192188 /* Product+CoreDataProperties.swift */,
				D717FA12239347EF00192188 /* Category+CoreDataClass.swift */,
				D717FA13239347EF00192188 /* Category+CoreDataProperties.swift */,
				6C6BA9912392F4160001194C /* SceneDelegate.swift */,
				6C6BA9932392F4160001194C /* ViewController.swift */,
				6C6BA9952392F4160001194C /* Main.storyboard */,
				6C5C42B42396200400EBEB35 /* ProductDetailsVController.swift */,
				D717FA1A2393518600192188 /* LoginController.swift */,
				D7BF8E1823930F4A006BA2AC /* SignInController.swift */,
				6C6BA99B2392F4170001194C /* Assets.xcassets */,
				6C6BA99D2392F4170001194C /* LaunchScreen.storyboard */,
				6C6BA9A02392F4170001194C /* Info.plist */,
				6C6BA9982392F4160001194C /* ARFurniture.xcdatamodeld */,
				6CA1E0DC23948714006BA191 /* CategoriesTabVController.swift */,
				6C5C42A12395C29300EBEB35 /* ProfileVController.swift */,
				6C5C42A32395E03D00EBEB35 /* ARFurniture-Bridging-Header.h */,
				6C5C42AA2395E14C00EBEB35 /* HomeVController.swift */,
				6C9AF3BB23973C1A00FBDE32 /* ARVController.swift */,
			);
			path = ARFurniture;
			sourceTree = "<group>";
		};
/* End PBXGroup section */

/* Begin PBXNativeTarget section */
		6C6BA98B2392F4160001194C /* ARFurniture */ = {
			isa = PBXNativeTarget;
			buildConfigurationList = 6C6BA9A32392F4170001194C /* Build configuration list for PBXNativeTarget "ARFurniture" */;
			buildPhases = (
				6C6BA9882392F4160001194C /* Sources */,
				6C6BA9892392F4160001194C /* Frameworks */,
				6C6BA98A2392F4160001194C /* Resources */,
			);
			buildRules = (
			);
			dependencies = (
			);
			name = ARFurniture;
			productName = ARFurniture;
			productReference = 6C6BA98C2392F4160001194C /* ARFurniture.app */;
			productType = "com.apple.product-type.application";
		};
/* End PBXNativeTarget section */

/* Begin PBXProject section */
		6C6BA9842392F4160001194C /* Project object */ = {
			isa = PBXProject;
			attributes = {
				LastSwiftUpdateCheck = 1120;
				LastUpgradeCheck = 1120;
				ORGANIZATIONNAME = "Akshay Relekar";
				TargetAttributes = {
					6C6BA98B2392F4160001194C = {
						CreatedOnToolsVersion = 11.2;
						LastSwiftMigration = 1120;
					};
				};
			};
			buildConfigurationList = 6C6BA9872392F4160001194C /* Build configuration list for PBXProject "ARFurniture" */;
			compatibilityVersion = "Xcode 9.3";
			developmentRegion = en;
			hasScannedForEncodings = 0;
			knownRegions = (
				en,
				Base,
			);
			mainGroup = 6C6BA9832392F4160001194C;
			productRefGroup = 6C6BA98D2392F4160001194C /* Products */;
			projectDirPath = "";
			projectRoot = "";
			targets = (
				6C6BA98B2392F4160001194C /* ARFurniture */,
			);
		};
/* End PBXProject section */

/* Begin PBXResourcesBuildPhase section */
		6C6BA98A2392F4160001194C /* Resources */ = {
			isa = PBXResourcesBuildPhase;
			buildActionMask = 2147483647;
			files = (
				6C6BA99F2392F4170001194C /* LaunchScreen.storyboard in Resources */,
				6C5C42B12395E5EB00EBEB35 /* dog4.png in Resources */,
				6C6BA99C2392F4170001194C /* Assets.xcassets in Resources */,
				6C5C42B02395E5EB00EBEB35 /* dog1.png in Resources */,
				6C6BA9972392F4160001194C /* Main.storyboard in Resources */,
				6C5C42B22395E5EB00EBEB35 /* dog2.png in Resources */,
				6C5C42B32395E5EB00EBEB35 /* dog3.png in Resources */,
			);
			runOnlyForDeploymentPostprocessing = 0;
		};
/* End PBXResourcesBuildPhase section */

/* Begin PBXSourcesBuildPhase section */
		6C6BA9882392F4160001194C /* Sources */ = {
			isa = PBXSourcesBuildPhase;
			buildActionMask = 2147483647;
			files = (
				6CA1E0DD23948714006BA191 /* CategoriesTabVController.swift in Sources */,
				6C9AF3BC23973C1A00FBDE32 /* ARVController.swift in Sources */,
				D717FA17239347EF00192188 /* Product+CoreDataProperties.swift in Sources */,
				D717FA0D239336FE00192188 /* PersistentService.swift in Sources */,
				D717FA18239347EF00192188 /* Category+CoreDataClass.swift in Sources */,
				D717FA1B2393518600192188 /* LoginController.swift in Sources */,
				6C6BA9942392F4160001194C /* ViewController.swift in Sources */,
				D717FA15239347EF00192188 /* User+CoreDataProperties.swift in Sources */,
				6C5C42AB2395E14C00EBEB35 /* HomeVController.swift in Sources */,
				6C6BA9902392F4160001194C /* AppDelegate.swift in Sources */,
				6C6BA9922392F4160001194C /* SceneDelegate.swift in Sources */,
				D717FA19239347EF00192188 /* Category+CoreDataProperties.swift in Sources */,
				D717FA16239347EF00192188 /* Product+CoreDataClass.swift in Sources */,
				D7BF8E1923930F4A006BA2AC /* SignInController.swift in Sources */,
				6C5C42B52396200400EBEB35 /* ProductDetailsVController.swift in Sources */,
				6C6BA99A2392F4160001194C /* ARFurniture.xcdatamodeld in Sources */,
				6C5C42A62395E03E00EBEB35 /* iCarousel.m in Sources */,
				6C5C42A22395C29300EBEB35 /* ProfileVController.swift in Sources */,
				D717FA14239347EF00192188 /* User+CoreDataClass.swift in Sources */,
			);
			runOnlyForDeploymentPostprocessing = 0;
		};
/* End PBXSourcesBuildPhase section */

/* Begin PBXVariantGroup section */
		6C6BA9952392F4160001194C /* Main.storyboard */ = {
			isa = PBXVariantGroup;
			children = (
				6C6BA9962392F4160001194C /* Base */,
			);
			name = Main.storyboard;
			sourceTree = "<group>";
		};
		6C6BA99D2392F4170001194C /* LaunchScreen.storyboard */ = {
			isa = PBXVariantGroup;
			children = (
				6C6BA99E2392F4170001194C /* Base */,
			);
			name = LaunchScreen.storyboard;
			sourceTree = "<group>";
		};
/* End PBXVariantGroup section */

/* Begin XCBuildConfiguration section */
		6C6BA9A12392F4170001194C /* Debug */ = {
			isa = XCBuildConfiguration;
			buildSettings = {
				ALWAYS_SEARCH_USER_PATHS = NO;
				CLANG_ANALYZER_NONNULL = YES;
				CLANG_ANALYZER_NUMBER_OBJECT_CONVERSION = YES_AGGRESSIVE;
				CLANG_CXX_LANGUAGE_STANDARD = "gnu++14";
				CLANG_CXX_LIBRARY = "libc++";
				CLANG_ENABLE_MODULES = YES;
				CLANG_ENABLE_OBJC_ARC = YES;
				CLANG_ENABLE_OBJC_WEAK = YES;
				CLANG_WARN_BLOCK_CAPTURE_AUTORELEASING = YES;
				CLANG_WARN_BOOL_CONVERSION = YES;
				CLANG_WARN_COMMA = YES;
				CLANG_WARN_CONSTANT_CONVERSION = YES;
				CLANG_WARN_DEPRECATED_OBJC_IMPLEMENTATIONS = YES;
				CLANG_WARN_DIRECT_OBJC_ISA_USAGE = YES_ERROR;
				CLANG_WARN_DOCUMENTATION_COMMENTS = YES;
				CLANG_WARN_EMPTY_BODY = YES;
				CLANG_WARN_ENUM_CONVERSION = YES;
				CLANG_WARN_INFINITE_RECURSION = YES;
				CLANG_WARN_INT_CONVERSION = YES;
				CLANG_WARN_NON_LITERAL_NULL_CONVERSION = YES;
				CLANG_WARN_OBJC_IMPLICIT_RETAIN_SELF = YES;
				CLANG_WARN_OBJC_LITERAL_CONVERSION = YES;
				CLANG_WARN_OBJC_ROOT_CLASS = YES_ERROR;
				CLANG_WARN_RANGE_LOOP_ANALYSIS = YES;
				CLANG_WARN_STRICT_PROTOTYPES = YES;
				CLANG_WARN_SUSPICIOUS_MOVE = YES;
				CLANG_WARN_UNGUARDED_AVAILABILITY = YES_AGGRESSIVE;
				CLANG_WARN_UNREACHABLE_CODE = YES;
				CLANG_WARN__DUPLICATE_METHOD_MATCH = YES;
				COPY_PHASE_STRIP = NO;
				DEBUG_INFORMATION_FORMAT = dwarf;
				ENABLE_STRICT_OBJC_MSGSEND = YES;
				ENABLE_TESTABILITY = YES;
				GCC_C_LANGUAGE_STANDARD = gnu11;
				GCC_DYNAMIC_NO_PIC = NO;
				GCC_NO_COMMON_BLOCKS = YES;
				GCC_OPTIMIZATION_LEVEL = 0;
				GCC_PREPROCESSOR_DEFINITIONS = (
					"DEBUG=1",
					"$(inherited)",
				);
				GCC_WARN_64_TO_32_BIT_CONVERSION = YES;
				GCC_WARN_ABOUT_RETURN_TYPE = YES_ERROR;
				GCC_WARN_UNDECLARED_SELECTOR = YES;
				GCC_WARN_UNINITIALIZED_AUTOS = YES_AGGRESSIVE;
				GCC_WARN_UNUSED_FUNCTION = YES;
				GCC_WARN_UNUSED_VARIABLE = YES;
				IPHONEOS_DEPLOYMENT_TARGET = 13.2;
				MTL_ENABLE_DEBUG_INFO = INCLUDE_SOURCE;
				MTL_FAST_MATH = YES;
				ONLY_ACTIVE_ARCH = YES;
				SDKROOT = iphoneos;
				SWIFT_ACTIVE_COMPILATION_CONDITIONS = DEBUG;
				SWIFT_OPTIMIZATION_LEVEL = "-Onone";
			};
			name = Debug;
		};
		6C6BA9A22392F4170001194C /* Release */ = {
			isa = XCBuildConfiguration;
			buildSettings = {
				ALWAYS_SEARCH_USER_PATHS = NO;
				CLANG_ANALYZER_NONNULL = YES;
				CLANG_ANALYZER_NUMBER_OBJECT_CONVERSION = YES_AGGRESSIVE;
				CLANG_CXX_LANGUAGE_STANDARD = "gnu++14";
				CLANG_CXX_LIBRARY = "libc++";
				CLANG_ENABLE_MODULES = YES;
				CLANG_ENABLE_OBJC_ARC = YES;
				CLANG_ENABLE_OBJC_WEAK = YES;
				CLANG_WARN_BLOCK_CAPTURE_AUTORELEASING = YES;
				CLANG_WARN_BOOL_CONVERSION = YES;
				CLANG_WARN_COMMA = YES;
				CLANG_WARN_CONSTANT_CONVERSION = YES;
				CLANG_WARN_DEPRECATED_OBJC_IMPLEMENTATIONS = YES;
				CLANG_WARN_DIRECT_OBJC_ISA_USAGE = YES_ERROR;
				CLANG_WARN_DOCUMENTATION_COMMENTS = YES;
				CLANG_WARN_EMPTY_BODY = YES;
				CLANG_WARN_ENUM_CONVERSION = YES;
				CLANG_WARN_INFINITE_RECURSION = YES;
				CLANG_WARN_INT_CONVERSION = YES;
				CLANG_WARN_NON_LITERAL_NULL_CONVERSION = YES;
				CLANG_WARN_OBJC_IMPLICIT_RETAIN_SELF = YES;
				CLANG_WARN_OBJC_LITERAL_CONVERSION = YES;
				CLANG_WARN_OBJC_ROOT_CLASS = YES_ERROR;
				CLANG_WARN_RANGE_LOOP_ANALYSIS = YES;
				CLANG_WARN_STRICT_PROTOTYPES = YES;
				CLANG_WARN_SUSPICIOUS_MOVE = YES;
				CLANG_WARN_UNGUARDED_AVAILABILITY = YES_AGGRESSIVE;
				CLANG_WARN_UNREACHABLE_CODE = YES;
				CLANG_WARN__DUPLICATE_METHOD_MATCH = YES;
				COPY_PHASE_STRIP = NO;
				DEBUG_INFORMATION_FORMAT = "dwarf-with-dsym";
				ENABLE_NS_ASSERTIONS = NO;
				ENABLE_STRICT_OBJC_MSGSEND = YES;
				GCC_C_LANGUAGE_STANDARD = gnu11;
				GCC_NO_COMMON_BLOCKS = YES;
				GCC_WARN_64_TO_32_BIT_CONVERSION = YES;
				GCC_WARN_ABOUT_RETURN_TYPE = YES_ERROR;
				GCC_WARN_UNDECLARED_SELECTOR = YES;
				GCC_WARN_UNINITIALIZED_AUTOS = YES_AGGRESSIVE;
				GCC_WARN_UNUSED_FUNCTION = YES;
				GCC_WARN_UNUSED_VARIABLE = YES;
				IPHONEOS_DEPLOYMENT_TARGET = 13.2;
				MTL_ENABLE_DEBUG_INFO = NO;
				MTL_FAST_MATH = YES;
				SDKROOT = iphoneos;
				SWIFT_COMPILATION_MODE = wholemodule;
				SWIFT_OPTIMIZATION_LEVEL = "-O";
				VALIDATE_PRODUCT = YES;
			};
			name = Release;
		};
		6C6BA9A42392F4170001194C /* Debug */ = {
			isa = XCBuildConfiguration;
			buildSettings = {
				ASSETCATALOG_COMPILER_APPICON_NAME = AppIcon;
				CLANG_ENABLE_MODULES = YES;
				CODE_SIGN_IDENTITY = "iPhone Developer";
				CODE_SIGN_STYLE = Automatic;
				DEVELOPMENT_TEAM = 2P8L895K78;
				INFOPLIST_FILE = ARFurniture/Info.plist;
				LD_RUNPATH_SEARCH_PATHS = (
					"$(inherited)",
					"@executable_path/Frameworks",
				);
				PRODUCT_BUNDLE_IDENTIFIER = com.ARFurnitureAppp;
				PRODUCT_NAME = "$(TARGET_NAME)";
				PROVISIONING_PROFILE_SPECIFIER = "";
				SWIFT_OBJC_BRIDGING_HEADER = "ARFurniture/ARFurniture-Bridging-Header.h";
				SWIFT_OPTIMIZATION_LEVEL = "-Onone";
				SWIFT_VERSION = 5.0;
				TARGETED_DEVICE_FAMILY = "1,2";
			};
			name = Debug;
		};
		6C6BA9A52392F4170001194C /* Release */ = {
			isa = XCBuildConfiguration;
			buildSettings = {
				ASSETCATALOG_COMPILER_APPICON_NAME = AppIcon;
				CLANG_ENABLE_MODULES = YES;
				CODE_SIGN_IDENTITY = "iPhone Developer";
				CODE_SIGN_STYLE = Automatic;
				DEVELOPMENT_TEAM = 2P8L895K78;
				INFOPLIST_FILE = ARFurniture/Info.plist;
				LD_RUNPATH_SEARCH_PATHS = (
					"$(inherited)",
					"@executable_path/Frameworks",
				);
				PRODUCT_BUNDLE_IDENTIFIER = com.ARFurnitureAppp;
				PRODUCT_NAME = "$(TARGET_NAME)";
				PROVISIONING_PROFILE_SPECIFIER = "";
				SWIFT_OBJC_BRIDGING_HEADER = "ARFurniture/ARFurniture-Bridging-Header.h";
				SWIFT_VERSION = 5.0;
				TARGETED_DEVICE_FAMILY = "1,2";
			};
			name = Release;
		};
/* End XCBuildConfiguration section */

/* Begin XCConfigurationList section */
		6C6BA9872392F4160001194C /* Build configuration list for PBXProject "ARFurniture" */ = {
			isa = XCConfigurationList;
			buildConfigurations = (
				6C6BA9A12392F4170001194C /* Debug */,
				6C6BA9A22392F4170001194C /* Release */,
			);
			defaultConfigurationIsVisible = 0;
			defaultConfigurationName = Release;
		};
		6C6BA9A32392F4170001194C /* Build configuration list for PBXNativeTarget "ARFurniture" */ = {
			isa = XCConfigurationList;
			buildConfigurations = (
				6C6BA9A42392F4170001194C /* Debug */,
				6C6BA9A52392F4170001194C /* Release */,
			);
			defaultConfigurationIsVisible = 0;
			defaultConfigurationName = Release;
		};
/* End XCConfigurationList section */

/* Begin XCVersionGroup section */
		6C6BA9982392F4160001194C /* ARFurniture.xcdatamodeld */ = {
			isa = XCVersionGroup;
			children = (
				6C6BA9992392F4160001194C /* ARFurniture.xcdatamodel */,
			);
			currentVersion = 6C6BA9992392F4160001194C /* ARFurniture.xcdatamodel */;
			path = ARFurniture.xcdatamodeld;
			sourceTree = "<group>";
			versionGroupType = wrapper.xcdatamodel;
		};
/* End XCVersionGroup section */
	};
	rootObject = 6C6BA9842392F4160001194C /* Project object */;
}
