// !$*UTF8*$!
{
	archiveVersion = 1;
	classes = {
	};
	objectVersion = 50;
	objects = {

/* Begin PBXBuildFile section */
		6C5C42A22395C29300EBEB35 /* ProfileVController.swift in Sources */ = {isa = PBXBuildFile; fileRef = 6C5C42A12395C29300EBEB35 /* ProfileVController.swift */; };
		6C5C42A62395E03E00EBEB35 /* iCarousel.m in Sources */ = {isa = PBXBuildFile; fileRef = 6C5C42A52395E03E00EBEB35 /* iCarousel.m */; };
		6C5C42A92395E0AE00EBEB35 /* QuartzCore.framework in Frameworks */ = {isa = PBXBuildFile; fileRef = 6C5C42A82395E0AE00EBEB35 /* QuartzCore.framework */; };
		6C5C42AB2395E14C00EBEB35 /* HomeVController.swift in Sources */ = {isa = PBXBuildFile; fileRef = 6C5C42AA2395E14C00EBEB35 /* HomeVController.swift */; };
		6C5C42B52396200400EBEB35 /* ProductDetailsVController.swift in Sources */ = {isa = PBXBuildFile; fileRef = 6C5C42B42396200400EBEB35 /* ProductDetailsVController.swift */; };
		6C6BA9902392F4160001194C /* AppDelegate.swift in Sources */ = {isa = PBXBuildFile; fileRef = 6C6BA98F2392F4160001194C /* AppDelegate.swift */; };
		6C6BA9922392F4160001194C /* SceneDelegate.swift in Sources */ = {isa = PBXBuildFile; fileRef = 6C6BA9912392F4160001194C /* SceneDelegate.swift */; };
		6C6BA9942392F4160001194C /* ViewController.swift in Sources */ = {isa = PBXBuildFile; fileRef = 6C6BA9932392F4160001194C /* ViewController.swift */; };
		6C6BA9972392F4160001194C /* Main.storyboard in Resources */ = {isa = PBXBuildFile; fileRef = 6C6BA9952392F4160001194C /* Main.storyboard */; };
		6C6BA99A2392F4160001194C /* ARFurniture.xcdatamodeld in Sources */ = {isa = PBXBuildFile; fileRef = 6C6BA9982392F4160001194C /* ARFurniture.xcdatamodeld */; };
		6C6BA99C2392F4170001194C /* Assets.xcassets in Resources */ = {isa = PBXBuildFile; fileRef = 6C6BA99B2392F4170001194C /* Assets.xcassets */; };
		6C6BA99F2392F4170001194C /* LaunchScreen.storyboard in Resources */ = {isa = PBXBuildFile; fileRef = 6C6BA99D2392F4170001194C /* LaunchScreen.storyboard */; };
		6C7B1C262398CBD4008536AE /* Plane.swift in Sources */ = {isa = PBXBuildFile; fileRef = 6C7B1C252398CBD4008536AE /* Plane.swift */; };
		6C9AF3BE2397596600FBDE32 /* RoundButton.swift in Sources */ = {isa = PBXBuildFile; fileRef = 6C9AF3BD2397596600FBDE32 /* RoundButton.swift */; };
		6CA1E0DD23948714006BA191 /* CategoriesTabVController.swift in Sources */ = {isa = PBXBuildFile; fileRef = 6CA1E0DC23948714006BA191 /* CategoriesTabVController.swift */; };
		D717FA0D239336FE00192188 /* PersistentService.swift in Sources */ = {isa = PBXBuildFile; fileRef = D717FA0C239336FE00192188 /* PersistentService.swift */; };
		D717FA14239347EF00192188 /* User+CoreDataClass.swift in Sources */ = {isa = PBXBuildFile; fileRef = D717FA0E239347EF00192188 /* User+CoreDataClass.swift */; };
		D717FA15239347EF00192188 /* User+CoreDataProperties.swift in Sources */ = {isa = PBXBuildFile; fileRef = D717FA0F239347EF00192188 /* User+CoreDataProperties.swift */; };
		D717FA16239347EF00192188 /* Product+CoreDataClass.swift in Sources */ = {isa = PBXBuildFile; fileRef = D717FA10239347EF00192188 /* Product+CoreDataClass.swift */; };
		D717FA18239347EF00192188 /* Category+CoreDataClass.swift in Sources */ = {isa = PBXBuildFile; fileRef = D717FA12239347EF00192188 /* Category+CoreDataClass.swift */; };
		D717FA19239347EF00192188 /* Category+CoreDataProperties.swift in Sources */ = {isa = PBXBuildFile; fileRef = D717FA13239347EF00192188 /* Category+CoreDataProperties.swift */; };
		D717FA1B2393518600192188 /* LoginController.swift in Sources */ = {isa = PBXBuildFile; fileRef = D717FA1A2393518600192188 /* LoginController.swift */; };
		D73174AC2397654B00FEDF94 /* AddProductsVController.swift in Sources */ = {isa = PBXBuildFile; fileRef = D73174AB2397654B00FEDF94 /* AddProductsVController.swift */; };
		D73174C4239D766200FEDF94 /* ProductListVController.swift in Sources */ = {isa = PBXBuildFile; fileRef = D73174C3239D766200FEDF94 /* ProductListVController.swift */; };
		D7341452239DB1CD000DA2C7 /* fabric_diff.jpg in Resources */ = {isa = PBXBuildFile; fileRef = D734144B239DB1CD000DA2C7 /* fabric_diff.jpg */; };
		D734145B239DB87A000DA2C7 /* dog4.png in Resources */ = {isa = PBXBuildFile; fileRef = D7341457239DB87A000DA2C7 /* dog4.png */; };
		D734145C239DB87A000DA2C7 /* dog3.png in Resources */ = {isa = PBXBuildFile; fileRef = D7341458239DB87A000DA2C7 /* dog3.png */; };
		D734145D239DB87A000DA2C7 /* dog1.png in Resources */ = {isa = PBXBuildFile; fileRef = D7341459239DB87A000DA2C7 /* dog1.png */; };
		D734145E239DB87A000DA2C7 /* dog2.png in Resources */ = {isa = PBXBuildFile; fileRef = D734145A239DB87A000DA2C7 /* dog2.png */; };
		D7341462239E0243000DA2C7 /* ARVController.swift in Sources */ = {isa = PBXBuildFile; fileRef = D7341461239E0243000DA2C7 /* ARVController.swift */; };
		D7341473239F3D32000DA2C7 /* Screen Shot 2019-12-08 at 3.45.33 PM.png in Resources */ = {isa = PBXBuildFile; fileRef = D7341472239F3D32000DA2C7 /* Screen Shot 2019-12-08 at 3.45.33 PM.png */; };
		D734148C239F5232000DA2C7 /* c3.scn in Resources */ = {isa = PBXBuildFile; fileRef = D734148B239F5232000DA2C7 /* c3.scn */; };
		D734148E239F523A000DA2C7 /* c4.scn in Resources */ = {isa = PBXBuildFile; fileRef = D734148D239F523A000DA2C7 /* c4.scn */; };
		D7341490239F5247000DA2C7 /* c0.scn in Resources */ = {isa = PBXBuildFile; fileRef = D734148F239F5247000DA2C7 /* c0.scn */; };
		D7341492239F524D000DA2C7 /* c1.scn in Resources */ = {isa = PBXBuildFile; fileRef = D7341491239F524D000DA2C7 /* c1.scn */; };
		D7341494239F5253000DA2C7 /* c2.scn in Resources */ = {isa = PBXBuildFile; fileRef = D7341493239F5253000DA2C7 /* c2.scn */; };
		D7341496239F52E0000DA2C7 /* c0.png in Resources */ = {isa = PBXBuildFile; fileRef = D7341495239F52E0000DA2C7 /* c0.png */; };
		D7341498239F52EB000DA2C7 /* c1.png in Resources */ = {isa = PBXBuildFile; fileRef = D7341497239F52EB000DA2C7 /* c1.png */; };
		D734149A239F52F7000DA2C7 /* c2.png in Resources */ = {isa = PBXBuildFile; fileRef = D7341499239F52F7000DA2C7 /* c2.png */; };
		D734149C239F5300000DA2C7 /* c3.png in Resources */ = {isa = PBXBuildFile; fileRef = D734149B239F52FF000DA2C7 /* c3.png */; };
		D734149E239F5306000DA2C7 /* c4.png in Resources */ = {isa = PBXBuildFile; fileRef = D734149D239F5306000DA2C7 /* c4.png */; };
		D76C78B123A1F32A00596AC4 /* User+CoreDataProperties.swift in Sources */ = {isa = PBXBuildFile; fileRef = D76C78AB23A1F32A00596AC4 /* User+CoreDataProperties.swift */; };
		D76C798623A3530700596AC4 /* Product+CoreDataProperties.swift in Sources */ = {isa = PBXBuildFile; fileRef = D76C798523A3530700596AC4 /* Product+CoreDataProperties.swift */; };
		D7B9A86123A08605005270FF /* CartItemCell.swift in Sources */ = {isa = PBXBuildFile; fileRef = D7B9A86023A08605005270FF /* CartItemCell.swift */; };
		D7B9A86523A093C9005270FF /* CartViewController.swift in Sources */ = {isa = PBXBuildFile; fileRef = D7B9A86423A093C9005270FF /* CartViewController.swift */; };
		D7BF8E1923930F4A006BA2AC /* SignInController.swift in Sources */ = {isa = PBXBuildFile; fileRef = D7BF8E1823930F4A006BA2AC /* SignInController.swift */; };
/* End PBXBuildFile section */

/* Begin PBXFileReference section */
		6C5C42A12395C29300EBEB35 /* ProfileVController.swift */ = {isa = PBXFileReference; lastKnownFileType = sourcecode.swift; path = ProfileVController.swift; sourceTree = "<group>"; };
		6C5C42A32395E03D00EBEB35 /* ARFurniture-Bridging-Header.h */ = {isa = PBXFileReference; lastKnownFileType = sourcecode.c.h; path = "ARFurniture-Bridging-Header.h"; sourceTree = "<group>"; };
		6C5C42A42395E03D00EBEB35 /* iCarousel.h */ = {isa = PBXFileReference; fileEncoding = 4; lastKnownFileType = sourcecode.c.h; path = iCarousel.h; sourceTree = SOURCE_ROOT; };
		6C5C42A52395E03E00EBEB35 /* iCarousel.m */ = {isa = PBXFileReference; fileEncoding = 4; lastKnownFileType = sourcecode.c.objc; path = iCarousel.m; sourceTree = SOURCE_ROOT; };
		6C5C42A82395E0AE00EBEB35 /* QuartzCore.framework */ = {isa = PBXFileReference; lastKnownFileType = wrapper.framework; name = QuartzCore.framework; path = System/Library/Frameworks/QuartzCore.framework; sourceTree = SDKROOT; };
		6C5C42AA2395E14C00EBEB35 /* HomeVController.swift */ = {isa = PBXFileReference; lastKnownFileType = sourcecode.swift; path = HomeVController.swift; sourceTree = "<group>"; };
		6C5C42B42396200400EBEB35 /* ProductDetailsVController.swift */ = {isa = PBXFileReference; lastKnownFileType = sourcecode.swift; path = ProductDetailsVController.swift; sourceTree = "<group>"; };
		6C6BA98C2392F4160001194C /* ARFurniture.app */ = {isa = PBXFileReference; explicitFileType = wrapper.application; includeInIndex = 0; path = ARFurniture.app; sourceTree = BUILT_PRODUCTS_DIR; };
		6C6BA98F2392F4160001194C /* AppDelegate.swift */ = {isa = PBXFileReference; lastKnownFileType = sourcecode.swift; path = AppDelegate.swift; sourceTree = "<group>"; };
		6C6BA9912392F4160001194C /* SceneDelegate.swift */ = {isa = PBXFileReference; lastKnownFileType = sourcecode.swift; path = SceneDelegate.swift; sourceTree = "<group>"; };
		6C6BA9932392F4160001194C /* ViewController.swift */ = {isa = PBXFileReference; lastKnownFileType = sourcecode.swift; path = ViewController.swift; sourceTree = "<group>"; };
		6C6BA9962392F4160001194C /* Base */ = {isa = PBXFileReference; lastKnownFileType = file.storyboard; name = Base; path = Base.lproj/Main.storyboard; sourceTree = "<group>"; };
		6C6BA9992392F4160001194C /* ARFurniture.xcdatamodel */ = {isa = PBXFileReference; lastKnownFileType = wrapper.xcdatamodel; path = ARFurniture.xcdatamodel; sourceTree = "<group>"; };
		6C6BA99B2392F4170001194C /* Assets.xcassets */ = {isa = PBXFileReference; lastKnownFileType = folder.assetcatalog; path = Assets.xcassets; sourceTree = "<group>"; };
		6C6BA99E2392F4170001194C /* Base */ = {isa = PBXFileReference; lastKnownFileType = file.storyboard; name = Base; path = Base.lproj/LaunchScreen.storyboard; sourceTree = "<group>"; };
		6C6BA9A02392F4170001194C /* Info.plist */ = {isa = PBXFileReference; lastKnownFileType = text.plist.xml; path = Info.plist; sourceTree = "<group>"; };
		6C7B1C252398CBD4008536AE /* Plane.swift */ = {isa = PBXFileReference; lastKnownFileType = sourcecode.swift; path = Plane.swift; sourceTree = "<group>"; };
		6C9AF3BD2397596600FBDE32 /* RoundButton.swift */ = {isa = PBXFileReference; lastKnownFileType = sourcecode.swift; path = RoundButton.swift; sourceTree = "<group>"; };
		6CA1E0DC23948714006BA191 /* CategoriesTabVController.swift */ = {isa = PBXFileReference; lastKnownFileType = sourcecode.swift; path = CategoriesTabVController.swift; sourceTree = "<group>"; };
		D717FA0C239336FE00192188 /* PersistentService.swift */ = {isa = PBXFileReference; lastKnownFileType = sourcecode.swift; path = PersistentService.swift; sourceTree = "<group>"; };
		D717FA0E239347EF00192188 /* User+CoreDataClass.swift */ = {isa = PBXFileReference; lastKnownFileType = sourcecode.swift; path = "User+CoreDataClass.swift"; sourceTree = "<group>"; };
		D717FA0F239347EF00192188 /* User+CoreDataProperties.swift */ = {isa = PBXFileReference; lastKnownFileType = sourcecode.swift; path = "User+CoreDataProperties.swift"; sourceTree = "<group>"; };
		D717FA10239347EF00192188 /* Product+CoreDataClass.swift */ = {isa = PBXFileReference; lastKnownFileType = sourcecode.swift; path = "Product+CoreDataClass.swift"; sourceTree = "<group>"; };
		D717FA12239347EF00192188 /* Category+CoreDataClass.swift */ = {isa = PBXFileReference; lastKnownFileType = sourcecode.swift; path = "Category+CoreDataClass.swift"; sourceTree = "<group>"; };
		D717FA13239347EF00192188 /* Category+CoreDataProperties.swift */ = {isa = PBXFileReference; lastKnownFileType = sourcecode.swift; path = "Category+CoreDataProperties.swift"; sourceTree = "<group>"; };
		D717FA1A2393518600192188 /* LoginController.swift */ = {isa = PBXFileReference; lastKnownFileType = sourcecode.swift; path = LoginController.swift; sourceTree = "<group>"; };
		D73174A3239759C800FEDF94 /* dog1.png */ = {isa = PBXFileReference; lastKnownFileType = image.png; name = dog1.png; path = ../../../../../Downloads/dogs/dog1.png; sourceTree = "<group>"; };
		D73174AB2397654B00FEDF94 /* AddProductsVController.swift */ = {isa = PBXFileReference; lastKnownFileType = sourcecode.swift; path = AddProductsVController.swift; sourceTree = "<group>"; };
		D73174C3239D766200FEDF94 /* ProductListVController.swift */ = {isa = PBXFileReference; lastKnownFileType = sourcecode.swift; path = ProductListVController.swift; sourceTree = "<group>"; };
		D734144B239DB1CD000DA2C7 /* fabric_diff.jpg */ = {isa = PBXFileReference; lastKnownFileType = image.jpeg; name = fabric_diff.jpg; path = ../../../../../Downloads/fabric_diff.jpg; sourceTree = "<group>"; };
		D734144D239DB1CD000DA2C7 /* fabric_bump.jpg */ = {isa = PBXFileReference; lastKnownFileType = image.jpeg; name = fabric_bump.jpg; path = ../../../../../Downloads/fabric_bump.jpg; sourceTree = "<group>"; };
		D7341457239DB87A000DA2C7 /* dog4.png */ = {isa = PBXFileReference; lastKnownFileType = image.png; name = dog4.png; path = ../../../../../Downloads/dogs/dog4.png; sourceTree = "<group>"; };
		D7341458239DB87A000DA2C7 /* dog3.png */ = {isa = PBXFileReference; lastKnownFileType = image.png; name = dog3.png; path = ../../../../../Downloads/dogs/dog3.png; sourceTree = "<group>"; };
		D7341459239DB87A000DA2C7 /* dog1.png */ = {isa = PBXFileReference; lastKnownFileType = image.png; name = dog1.png; path = ../../../../../Downloads/dogs/dog1.png; sourceTree = "<group>"; };
		D734145A239DB87A000DA2C7 /* dog2.png */ = {isa = PBXFileReference; lastKnownFileType = image.png; name = dog2.png; path = ../../../../../Downloads/dogs/dog2.png; sourceTree = "<group>"; };
		D7341461239E0243000DA2C7 /* ARVController.swift */ = {isa = PBXFileReference; lastKnownFileType = sourcecode.swift; path = ARVController.swift; sourceTree = "<group>"; };
		D7341468239F332B000DA2C7 /* c5.png */ = {isa = PBXFileReference; lastKnownFileType = image.png; path = c5.png; sourceTree = "<group>"; };
		D7341469239F3347000DA2C7 /* c5.scn */ = {isa = PBXFileReference; lastKnownFileType = file.bplist; path = c5.scn; sourceTree = "<group>"; };
		D7341472239F3D32000DA2C7 /* Screen Shot 2019-12-08 at 3.45.33 PM.png */ = {isa = PBXFileReference; lastKnownFileType = image.png; name = "Screen Shot 2019-12-08 at 3.45.33 PM.png"; path = "../../../../../Downloads/Screen Shot 2019-12-08 at 3.45.33 PM.png"; sourceTree = "<group>"; };
		D734148B239F5232000DA2C7 /* c3.scn */ = {isa = PBXFileReference; lastKnownFileType = file.bplist; name = c3.scn; path = ../../../../../Downloads/c3.scn; sourceTree = "<group>"; };
		D734148D239F523A000DA2C7 /* c4.scn */ = {isa = PBXFileReference; lastKnownFileType = file.bplist; name = c4.scn; path = ../../../../../Downloads/c4.scn; sourceTree = "<group>"; };
		D734148F239F5247000DA2C7 /* c0.scn */ = {isa = PBXFileReference; lastKnownFileType = file.bplist; name = c0.scn; path = ../../../../../Downloads/c0.scn; sourceTree = "<group>"; };
		D7341491239F524D000DA2C7 /* c1.scn */ = {isa = PBXFileReference; lastKnownFileType = file.bplist; name = c1.scn; path = ../../../../../Downloads/c1.scn; sourceTree = "<group>"; };
		D7341493239F5253000DA2C7 /* c2.scn */ = {isa = PBXFileReference; lastKnownFileType = file.bplist; name = c2.scn; path = ../../../../../Downloads/c2.scn; sourceTree = "<group>"; };
		D7341495239F52E0000DA2C7 /* c0.png */ = {isa = PBXFileReference; lastKnownFileType = image.png; name = c0.png; path = ../../../../../Downloads/c0.png; sourceTree = "<group>"; };
		D7341497239F52EB000DA2C7 /* c1.png */ = {isa = PBXFileReference; lastKnownFileType = image.png; name = c1.png; path = ../../../../../Downloads/c1.png; sourceTree = "<group>"; };
		D7341499239F52F7000DA2C7 /* c2.png */ = {isa = PBXFileReference; lastKnownFileType = image.png; name = c2.png; path = ../../../../../Downloads/c2.png; sourceTree = "<group>"; };
		D734149B239F52FF000DA2C7 /* c3.png */ = {isa = PBXFileReference; lastKnownFileType = image.png; name = c3.png; path = ../../../../../Downloads/c3.png; sourceTree = "<group>"; };
		D734149D239F5306000DA2C7 /* c4.png */ = {isa = PBXFileReference; lastKnownFileType = image.png; name = c4.png; path = ../../../../../Downloads/c4.png; sourceTree = "<group>"; };
		D76C78AB23A1F32A00596AC4 /* User+CoreDataProperties.swift */ = {isa = PBXFileReference; lastKnownFileType = sourcecode.swift; path = "User+CoreDataProperties.swift"; sourceTree = "<group>"; };
		D76C798523A3530700596AC4 /* Product+CoreDataProperties.swift */ = {isa = PBXFileReference; lastKnownFileType = sourcecode.swift; path = "Product+CoreDataProperties.swift"; sourceTree = "<group>"; };
		D76C798F23A3627F00596AC4 /* CartItem+CoreDataClass.swift */ = {isa = PBXFileReference; lastKnownFileType = sourcecode.swift; path = "CartItem+CoreDataClass.swift"; sourceTree = "<group>"; };
		D76C799023A3627F00596AC4 /* CartItem+CoreDataProperties.swift */ = {isa = PBXFileReference; lastKnownFileType = sourcecode.swift; path = "CartItem+CoreDataProperties.swift"; sourceTree = "<group>"; };
		D76C799123A3627F00596AC4 /* Cart+CoreDataClass.swift */ = {isa = PBXFileReference; lastKnownFileType = sourcecode.swift; path = "Cart+CoreDataClass.swift"; sourceTree = "<group>"; };
		D76C799223A3627F00596AC4 /* Cart+CoreDataProperties.swift */ = {isa = PBXFileReference; lastKnownFileType = sourcecode.swift; path = "Cart+CoreDataProperties.swift"; sourceTree = "<group>"; };
		D7B9A86023A08605005270FF /* CartItemCell.swift */ = {isa = PBXFileReference; lastKnownFileType = sourcecode.swift; path = CartItemCell.swift; sourceTree = "<group>"; };
		D7B9A86423A093C9005270FF /* CartViewController.swift */ = {isa = PBXFileReference; lastKnownFileType = sourcecode.swift; path = CartViewController.swift; sourceTree = "<group>"; };
		D7BF8E1823930F4A006BA2AC /* SignInController.swift */ = {isa = PBXFileReference; lastKnownFileType = sourcecode.swift; path = SignInController.swift; sourceTree = "<group>"; };
/* End PBXFileReference section */

/* Begin PBXFrameworksBuildPhase section */
		6C6BA9892392F4160001194C /* Frameworks */ = {
			isa = PBXFrameworksBuildPhase;
			buildActionMask = 2147483647;
			files = (
				6C5C42A92395E0AE00EBEB35 /* QuartzCore.framework in Frameworks */,
			);
			runOnlyForDeploymentPostprocessing = 0;
		};
/* End PBXFrameworksBuildPhase section */

/* Begin PBXGroup section */
		6C5C42A72395E0AD00EBEB35 /* Frameworks */ = {
			isa = PBXGroup;
			children = (
				6C5C42A82395E0AE00EBEB35 /* QuartzCore.framework */,
			);
			name = Frameworks;
			sourceTree = "<group>";
		};
		6C6BA9832392F4160001194C = {
			isa = PBXGroup;
			children = (
				6C6BA98E2392F4160001194C /* ARFurniture */,
				6C6BA98D2392F4160001194C /* Products */,
				6C5C42A72395E0AD00EBEB35 /* Frameworks */,
				D7341456239DB53B000DA2C7 /* Recovered References */,
			);
			sourceTree = "<group>";
		};
		6C6BA98D2392F4160001194C /* Products */ = {
			isa = PBXGroup;
			children = (
				6C6BA98C2392F4160001194C /* ARFurniture.app */,
			);
			name = Products;
			sourceTree = "<group>";
		};
		6C6BA98E2392F4160001194C /* ARFurniture */ = {
			isa = PBXGroup;
			children = (
				6C5C42A42395E03D00EBEB35 /* iCarousel.h */,
				6C5C42A52395E03E00EBEB35 /* iCarousel.m */,
				D7341461239E0243000DA2C7 /* ARVController.swift */,
				D7341469239F3347000DA2C7 /* c5.scn */,
				6C6BA98F2392F4160001194C /* AppDelegate.swift */,
				D76C798523A3530700596AC4 /* Product+CoreDataProperties.swift */,
				D76C78AB23A1F32A00596AC4 /* User+CoreDataProperties.swift */,
				D7341468239F332B000DA2C7 /* c5.png */,
				D76C798F23A3627F00596AC4 /* CartItem+CoreDataClass.swift */,
				D76C799023A3627F00596AC4 /* CartItem+CoreDataProperties.swift */,
				D76C799123A3627F00596AC4 /* Cart+CoreDataClass.swift */,
				D76C799223A3627F00596AC4 /* Cart+CoreDataProperties.swift */,
				D717FA0C239336FE00192188 /* PersistentService.swift */,
				D717FA0E239347EF00192188 /* User+CoreDataClass.swift */,
				D717FA0F239347EF00192188 /* User+CoreDataProperties.swift */,
				D717FA10239347EF00192188 /* Product+CoreDataClass.swift */,
				D717FA12239347EF00192188 /* Category+CoreDataClass.swift */,
				D717FA13239347EF00192188 /* Category+CoreDataProperties.swift */,
				D734144D239DB1CD000DA2C7 /* fabric_bump.jpg */,
				D734144B239DB1CD000DA2C7 /* fabric_diff.jpg */,
				D734148B239F5232000DA2C7 /* c3.scn */,
				D7341472239F3D32000DA2C7 /* Screen Shot 2019-12-08 at 3.45.33 PM.png */,
				6C6BA9912392F4160001194C /* SceneDelegate.swift */,
				6C6BA9932392F4160001194C /* ViewController.swift */,
				6C6BA9952392F4160001194C /* Main.storyboard */,
				D7B9A86023A08605005270FF /* CartItemCell.swift */,
				D7B9A86423A093C9005270FF /* CartViewController.swift */,
				D73174C3239D766200FEDF94 /* ProductListVController.swift */,
				D734148D239F523A000DA2C7 /* c4.scn */,
				D7341495239F52E0000DA2C7 /* c0.png */,
				D73174AB2397654B00FEDF94 /* AddProductsVController.swift */,
				D7341493239F5253000DA2C7 /* c2.scn */,
				D734148F239F5247000DA2C7 /* c0.scn */,
				D7341491239F524D000DA2C7 /* c1.scn */,
				6C5C42B42396200400EBEB35 /* ProductDetailsVController.swift */,
				D7341497239F52EB000DA2C7 /* c1.png */,
				D717FA1A2393518600192188 /* LoginController.swift */,
				D7341459239DB87A000DA2C7 /* dog1.png */,
				D7341499239F52F7000DA2C7 /* c2.png */,
				D734149D239F5306000DA2C7 /* c4.png */,
				D734149B239F52FF000DA2C7 /* c3.png */,
				D734145A239DB87A000DA2C7 /* dog2.png */,
				D7341458239DB87A000DA2C7 /* dog3.png */,
				D7341457239DB87A000DA2C7 /* dog4.png */,
				D7BF8E1823930F4A006BA2AC /* SignInController.swift */,
				6C6BA99B2392F4170001194C /* Assets.xcassets */,
				6C6BA99D2392F4170001194C /* LaunchScreen.storyboard */,
				6C5C42A32395E03D00EBEB35 /* ARFurniture-Bridging-Header.h */,
				6C6BA9A02392F4170001194C /* Info.plist */,
				6C6BA9982392F4160001194C /* ARFurniture.xcdatamodeld */,
				6CA1E0DC23948714006BA191 /* CategoriesTabVController.swift */,
				6C5C42A12395C29300EBEB35 /* ProfileVController.swift */,
				6C5C42AA2395E14C00EBEB35 /* HomeVController.swift */,
				6C9AF3BD2397596600FBDE32 /* RoundButton.swift */,
				6C7B1C252398CBD4008536AE /* Plane.swift */,
			);
			path = ARFurniture;
			sourceTree = "<group>";
		};
		D7341456239DB53B000DA2C7 /* Recovered References */ = {
			isa = PBXGroup;
			children = (
				D73174A3239759C800FEDF94 /* dog1.png */,
			);
			name = "Recovered References";
			sourceTree = "<group>";
		};
/* End PBXGroup section */

/* Begin PBXNativeTarget section */
		6C6BA98B2392F4160001194C /* ARFurniture */ = {
			isa = PBXNativeTarget;
			buildConfigurationList = 6C6BA9A32392F4170001194C /* Build configuration list for PBXNativeTarget "ARFurniture" */;
			buildPhases = (
				6C6BA9882392F4160001194C /* Sources */,
				6C6BA9892392F4160001194C /* Frameworks */,
				6C6BA98A2392F4160001194C /* Resources */,
			);
			buildRules = (
			);
			dependencies = (
			);
			name = ARFurniture;
			productName = ARFurniture;
			productReference = 6C6BA98C2392F4160001194C /* ARFurniture.app */;
			productType = "com.apple.product-type.application";
		};
/* End PBXNativeTarget section */

/* Begin PBXProject section */
		6C6BA9842392F4160001194C /* Project object */ = {
			isa = PBXProject;
			attributes = {
				LastSwiftUpdateCheck = 1120;
				LastUpgradeCheck = 1120;
				ORGANIZATIONNAME = "Akshay Relekar";
				TargetAttributes = {
					6C6BA98B2392F4160001194C = {
						CreatedOnToolsVersion = 11.2;
						LastSwiftMigration = 1120;
					};
				};
			};
			buildConfigurationList = 6C6BA9872392F4160001194C /* Build configuration list for PBXProject "ARFurniture" */;
			compatibilityVersion = "Xcode 9.3";
			developmentRegion = en;
			hasScannedForEncodings = 0;
			knownRegions = (
				en,
				Base,
			);
			mainGroup = 6C6BA9832392F4160001194C;
			productRefGroup = 6C6BA98D2392F4160001194C /* Products */;
			projectDirPath = "";
			projectRoot = "";
			targets = (
				6C6BA98B2392F4160001194C /* ARFurniture */,
			);
		};
/* End PBXProject section */

/* Begin PBXResourcesBuildPhase section */
		6C6BA98A2392F4160001194C /* Resources */ = {
			isa = PBXResourcesBuildPhase;
			buildActionMask = 2147483647;
			files = (
				D7341492239F524D000DA2C7 /* c1.scn in Resources */,
				D734148C239F5232000DA2C7 /* c3.scn in Resources */,
				D734145B239DB87A000DA2C7 /* dog4.png in Resources */,
				D734149E239F5306000DA2C7 /* c4.png in Resources */,
				D734145C239DB87A000DA2C7 /* dog3.png in Resources */,
				D734149A239F52F7000DA2C7 /* c2.png in Resources */,
				D7341452239DB1CD000DA2C7 /* fabric_diff.jpg in Resources */,
				6C6BA99F2392F4170001194C /* LaunchScreen.storyboard in Resources */,
				D734145E239DB87A000DA2C7 /* dog2.png in Resources */,
				D7341473239F3D32000DA2C7 /* Screen Shot 2019-12-08 at 3.45.33 PM.png in Resources */,
				D7341490239F5247000DA2C7 /* c0.scn in Resources */,
				D734148E239F523A000DA2C7 /* c4.scn in Resources */,
				D7341496239F52E0000DA2C7 /* c0.png in Resources */,
				D734145D239DB87A000DA2C7 /* dog1.png in Resources */,
				D734149C239F5300000DA2C7 /* c3.png in Resources */,
				6C6BA99C2392F4170001194C /* Assets.xcassets in Resources */,
				D7341498239F52EB000DA2C7 /* c1.png in Resources */,
				6C6BA9972392F4160001194C /* Main.storyboard in Resources */,
				D7341494239F5253000DA2C7 /* c2.scn in Resources */,
			);
			runOnlyForDeploymentPostprocessing = 0;
		};
/* End PBXResourcesBuildPhase section */

/* Begin PBXSourcesBuildPhase section */
		6C6BA9882392F4160001194C /* Sources */ = {
			isa = PBXSourcesBuildPhase;
			buildActionMask = 2147483647;
			files = (
				D76C798623A3530700596AC4 /* Product+CoreDataProperties.swift in Sources */,
				6CA1E0DD23948714006BA191 /* CategoriesTabVController.swift in Sources */,
				D717FA0D239336FE00192188 /* PersistentService.swift in Sources */,
				D717FA18239347EF00192188 /* Category+CoreDataClass.swift in Sources */,
				D717FA1B2393518600192188 /* LoginController.swift in Sources */,
				D73174C4239D766200FEDF94 /* ProductListVController.swift in Sources */,
				D76C78B123A1F32A00596AC4 /* User+CoreDataProperties.swift in Sources */,
				6C6BA9942392F4160001194C /* ViewController.swift in Sources */,
				D7B9A86523A093C9005270FF /* CartViewController.swift in Sources */,
				D717FA15239347EF00192188 /* User+CoreDataProperties.swift in Sources */,
				6C5C42AB2395E14C00EBEB35 /* HomeVController.swift in Sources */,
				6C6BA9902392F4160001194C /* AppDelegate.swift in Sources */,
				6C6BA9922392F4160001194C /* SceneDelegate.swift in Sources */,
				D717FA19239347EF00192188 /* Category+CoreDataProperties.swift in Sources */,
				D717FA16239347EF00192188 /* Product+CoreDataClass.swift in Sources */,
				6C7B1C262398CBD4008536AE /* Plane.swift in Sources */,
				D7B9A86123A08605005270FF /* CartItemCell.swift in Sources */,
				D7BF8E1923930F4A006BA2AC /* SignInController.swift in Sources */,
				6C5C42B52396200400EBEB35 /* ProductDetailsVController.swift in Sources */,
				6C6BA99A2392F4160001194C /* ARFurniture.xcdatamodeld in Sources */,
				D7341462239E0243000DA2C7 /* ARVController.swift in Sources */,
				6C9AF3BE2397596600FBDE32 /* RoundButton.swift in Sources */,
				6C5C42A62395E03E00EBEB35 /* iCarousel.m in Sources */,
				6C5C42A22395C29300EBEB35 /* ProfileVController.swift in Sources */,
				D73174AC2397654B00FEDF94 /* AddProductsVController.swift in Sources */,
				D717FA14239347EF00192188 /* User+CoreDataClass.swift in Sources */,
			);
			runOnlyForDeploymentPostprocessing = 0;
		};
/* End PBXSourcesBuildPhase section */

/* Begin PBXVariantGroup section */
		6C6BA9952392F4160001194C /* Main.storyboard */ = {
			isa = PBXVariantGroup;
			children = (
				6C6BA9962392F4160001194C /* Base */,
			);
			name = Main.storyboard;
			sourceTree = "<group>";
		};
		6C6BA99D2392F4170001194C /* LaunchScreen.storyboard */ = {
			isa = PBXVariantGroup;
			children = (
				6C6BA99E2392F4170001194C /* Base */,
			);
			name = LaunchScreen.storyboard;
			sourceTree = "<group>";
		};
/* End PBXVariantGroup section */

/* Begin XCBuildConfiguration section */
		6C6BA9A12392F4170001194C /* Debug */ = {
			isa = XCBuildConfiguration;
			buildSettings = {
				ALWAYS_SEARCH_USER_PATHS = NO;
				CLANG_ANALYZER_NONNULL = YES;
				CLANG_ANALYZER_NUMBER_OBJECT_CONVERSION = YES_AGGRESSIVE;
				CLANG_CXX_LANGUAGE_STANDARD = "gnu++14";
				CLANG_CXX_LIBRARY = "libc++";
				CLANG_ENABLE_MODULES = YES;
				CLANG_ENABLE_OBJC_ARC = YES;
				CLANG_ENABLE_OBJC_WEAK = YES;
				CLANG_WARN_BLOCK_CAPTURE_AUTORELEASING = YES;
				CLANG_WARN_BOOL_CONVERSION = YES;
				CLANG_WARN_COMMA = YES;
				CLANG_WARN_CONSTANT_CONVERSION = YES;
				CLANG_WARN_DEPRECATED_OBJC_IMPLEMENTATIONS = YES;
				CLANG_WARN_DIRECT_OBJC_ISA_USAGE = YES_ERROR;
				CLANG_WARN_DOCUMENTATION_COMMENTS = YES;
				CLANG_WARN_EMPTY_BODY = YES;
				CLANG_WARN_ENUM_CONVERSION = YES;
				CLANG_WARN_INFINITE_RECURSION = YES;
				CLANG_WARN_INT_CONVERSION = YES;
				CLANG_WARN_NON_LITERAL_NULL_CONVERSION = YES;
				CLANG_WARN_OBJC_IMPLICIT_RETAIN_SELF = YES;
				CLANG_WARN_OBJC_LITERAL_CONVERSION = YES;
				CLANG_WARN_OBJC_ROOT_CLASS = YES_ERROR;
				CLANG_WARN_RANGE_LOOP_ANALYSIS = YES;
				CLANG_WARN_STRICT_PROTOTYPES = YES;
				CLANG_WARN_SUSPICIOUS_MOVE = YES;
				CLANG_WARN_UNGUARDED_AVAILABILITY = YES_AGGRESSIVE;
				CLANG_WARN_UNREACHABLE_CODE = YES;
				CLANG_WARN__DUPLICATE_METHOD_MATCH = YES;
				COPY_PHASE_STRIP = NO;
				DEBUG_INFORMATION_FORMAT = dwarf;
				ENABLE_STRICT_OBJC_MSGSEND = YES;
				ENABLE_TESTABILITY = YES;
				GCC_C_LANGUAGE_STANDARD = gnu11;
				GCC_DYNAMIC_NO_PIC = NO;
				GCC_NO_COMMON_BLOCKS = YES;
				GCC_OPTIMIZATION_LEVEL = 0;
				GCC_PREPROCESSOR_DEFINITIONS = (
					"DEBUG=1",
					"$(inherited)",
				);
				GCC_WARN_64_TO_32_BIT_CONVERSION = YES;
				GCC_WARN_ABOUT_RETURN_TYPE = YES_ERROR;
				GCC_WARN_UNDECLARED_SELECTOR = YES;
				GCC_WARN_UNINITIALIZED_AUTOS = YES_AGGRESSIVE;
				GCC_WARN_UNUSED_FUNCTION = YES;
				GCC_WARN_UNUSED_VARIABLE = YES;
				IPHONEOS_DEPLOYMENT_TARGET = 13.2;
				MTL_ENABLE_DEBUG_INFO = INCLUDE_SOURCE;
				MTL_FAST_MATH = YES;
				ONLY_ACTIVE_ARCH = YES;
				SDKROOT = iphoneos;
				SWIFT_ACTIVE_COMPILATION_CONDITIONS = DEBUG;
				SWIFT_OPTIMIZATION_LEVEL = "-Onone";
			};
			name = Debug;
		};
		6C6BA9A22392F4170001194C /* Release */ = {
			isa = XCBuildConfiguration;
			buildSettings = {
				ALWAYS_SEARCH_USER_PATHS = NO;
				CLANG_ANALYZER_NONNULL = YES;
				CLANG_ANALYZER_NUMBER_OBJECT_CONVERSION = YES_AGGRESSIVE;
				CLANG_CXX_LANGUAGE_STANDARD = "gnu++14";
				CLANG_CXX_LIBRARY = "libc++";
				CLANG_ENABLE_MODULES = YES;
				CLANG_ENABLE_OBJC_ARC = YES;
				CLANG_ENABLE_OBJC_WEAK = YES;
				CLANG_WARN_BLOCK_CAPTURE_AUTORELEASING = YES;
				CLANG_WARN_BOOL_CONVERSION = YES;
				CLANG_WARN_COMMA = YES;
				CLANG_WARN_CONSTANT_CONVERSION = YES;
				CLANG_WARN_DEPRECATED_OBJC_IMPLEMENTATIONS = YES;
				CLANG_WARN_DIRECT_OBJC_ISA_USAGE = YES_ERROR;
				CLANG_WARN_DOCUMENTATION_COMMENTS = YES;
				CLANG_WARN_EMPTY_BODY = YES;
				CLANG_WARN_ENUM_CONVERSION = YES;
				CLANG_WARN_INFINITE_RECURSION = YES;
				CLANG_WARN_INT_CONVERSION = YES;
				CLANG_WARN_NON_LITERAL_NULL_CONVERSION = YES;
				CLANG_WARN_OBJC_IMPLICIT_RETAIN_SELF = YES;
				CLANG_WARN_OBJC_LITERAL_CONVERSION = YES;
				CLANG_WARN_OBJC_ROOT_CLASS = YES_ERROR;
				CLANG_WARN_RANGE_LOOP_ANALYSIS = YES;
				CLANG_WARN_STRICT_PROTOTYPES = YES;
				CLANG_WARN_SUSPICIOUS_MOVE = YES;
				CLANG_WARN_UNGUARDED_AVAILABILITY = YES_AGGRESSIVE;
				CLANG_WARN_UNREACHABLE_CODE = YES;
				CLANG_WARN__DUPLICATE_METHOD_MATCH = YES;
				COPY_PHASE_STRIP = NO;
				DEBUG_INFORMATION_FORMAT = "dwarf-with-dsym";
				ENABLE_NS_ASSERTIONS = NO;
				ENABLE_STRICT_OBJC_MSGSEND = YES;
				GCC_C_LANGUAGE_STANDARD = gnu11;
				GCC_NO_COMMON_BLOCKS = YES;
				GCC_WARN_64_TO_32_BIT_CONVERSION = YES;
				GCC_WARN_ABOUT_RETURN_TYPE = YES_ERROR;
				GCC_WARN_UNDECLARED_SELECTOR = YES;
				GCC_WARN_UNINITIALIZED_AUTOS = YES_AGGRESSIVE;
				GCC_WARN_UNUSED_FUNCTION = YES;
				GCC_WARN_UNUSED_VARIABLE = YES;
				IPHONEOS_DEPLOYMENT_TARGET = 13.2;
				MTL_ENABLE_DEBUG_INFO = NO;
				MTL_FAST_MATH = YES;
				SDKROOT = iphoneos;
				SWIFT_COMPILATION_MODE = wholemodule;
				SWIFT_OPTIMIZATION_LEVEL = "-O";
				VALIDATE_PRODUCT = YES;
			};
			name = Release;
		};
		6C6BA9A42392F4170001194C /* Debug */ = {
			isa = XCBuildConfiguration;
			buildSettings = {
				ASSETCATALOG_COMPILER_APPICON_NAME = AppIcon;
				CLANG_ENABLE_MODULES = YES;
				CODE_SIGN_IDENTITY = "iPhone Developer";
				CODE_SIGN_STYLE = Automatic;
				DEVELOPMENT_TEAM = T82JPXZNCK;
				INFOPLIST_FILE = ARFurniture/Info.plist;
				LD_RUNPATH_SEARCH_PATHS = (
					"$(inherited)",
					"@executable_path/Frameworks",
				);
				PRODUCT_BUNDLE_IDENTIFIER = com.ARFurnitureApp;
				PRODUCT_NAME = "$(TARGET_NAME)";
				PROVISIONING_PROFILE_SPECIFIER = "";
				SWIFT_OBJC_BRIDGING_HEADER = "ARFurniture/ARFurniture-Bridging-Header.h";
				SWIFT_OPTIMIZATION_LEVEL = "-Onone";
				SWIFT_VERSION = 5.0;
				TARGETED_DEVICE_FAMILY = "1,2";
			};
			name = Debug;
		};
		6C6BA9A52392F4170001194C /* Release */ = {
			isa = XCBuildConfiguration;
			buildSettings = {
				ASSETCATALOG_COMPILER_APPICON_NAME = AppIcon;
				CLANG_ENABLE_MODULES = YES;
				CODE_SIGN_IDENTITY = "iPhone Developer";
				CODE_SIGN_STYLE = Automatic;
				DEVELOPMENT_TEAM = T82JPXZNCK;
				INFOPLIST_FILE = ARFurniture/Info.plist;
				LD_RUNPATH_SEARCH_PATHS = (
					"$(inherited)",
					"@executable_path/Frameworks",
				);
				PRODUCT_BUNDLE_IDENTIFIER = com.ARFurnitureApp;
				PRODUCT_NAME = "$(TARGET_NAME)";
				PROVISIONING_PROFILE_SPECIFIER = "";
				SWIFT_OBJC_BRIDGING_HEADER = "ARFurniture/ARFurniture-Bridging-Header.h";
				SWIFT_VERSION = 5.0;
				TARGETED_DEVICE_FAMILY = "1,2";
			};
			name = Release;
		};
/* End XCBuildConfiguration section */

/* Begin XCConfigurationList section */
		6C6BA9872392F4160001194C /* Build configuration list for PBXProject "ARFurniture" */ = {
			isa = XCConfigurationList;
			buildConfigurations = (
				6C6BA9A12392F4170001194C /* Debug */,
				6C6BA9A22392F4170001194C /* Release */,
			);
			defaultConfigurationIsVisible = 0;
			defaultConfigurationName = Release;
		};
		6C6BA9A32392F4170001194C /* Build configuration list for PBXNativeTarget "ARFurniture" */ = {
			isa = XCConfigurationList;
			buildConfigurations = (
				6C6BA9A42392F4170001194C /* Debug */,
				6C6BA9A52392F4170001194C /* Release */,
			);
			defaultConfigurationIsVisible = 0;
			defaultConfigurationName = Release;
		};
/* End XCConfigurationList section */

/* Begin XCVersionGroup section */
		6C6BA9982392F4160001194C /* ARFurniture.xcdatamodeld */ = {
			isa = XCVersionGroup;
			children = (
				6C6BA9992392F4160001194C /* ARFurniture.xcdatamodel */,
			);
			currentVersion = 6C6BA9992392F4160001194C /* ARFurniture.xcdatamodel */;
			path = ARFurniture.xcdatamodeld;
			sourceTree = "<group>";
			versionGroupType = wrapper.xcdatamodel;
		};
/* End XCVersionGroup section */
	};
	rootObject = 6C6BA9842392F4160001194C /* Project object */;
}
